
Microsoft Visual Studio Solution File, Format Version 12.00
# Visual Studio 15
VisualStudioVersion = 15.0.27703.2035
MinimumVisualStudioVersion = 10.0.40219.1
Project("{9A19103F-16F7-4668-BE54-9A1E7A4F7556}") = "CliftonSiteV2", "CliftonSiteV2\CliftonSiteV2.csproj", "{5E98A495-C250-4C37-AD4C-208633C4C666}"
EndProject
Project("{FAE04EC0-301F-11D3-BF4B-00C04F79EFBC}") = "CliftonSiteV2.Tests", "CliftonSiteV2.Tests\CliftonSiteV2.Tests.csproj", "{F13D7F4D-2423-4027-96D4-6A7F607300BE}"
EndProject
Global
	GlobalSection(SolutionConfigurationPlatforms) = preSolution
		Debug|Any CPU = Debug|Any CPU
		Release|Any CPU = Release|Any CPU
	EndGlobalSection
	GlobalSection(ProjectConfigurationPlatforms) = postSolution
		{5E98A495-C250-4C37-AD4C-208633C4C666}.Debug|Any CPU.ActiveCfg = Debug|Any CPU
		{5E98A495-C250-4C37-AD4C-208633C4C666}.Debug|Any CPU.Build.0 = Debug|Any CPU
		{5E98A495-C250-4C37-AD4C-208633C4C666}.Release|Any CPU.ActiveCfg = Release|Any CPU
		{5E98A495-C250-4C37-AD4C-208633C4C666}.Release|Any CPU.Build.0 = Release|Any CPU
		{F13D7F4D-2423-4027-96D4-6A7F607300BE}.Debug|Any CPU.ActiveCfg = Debug|Any CPU
		{F13D7F4D-2423-4027-96D4-6A7F607300BE}.Debug|Any CPU.Build.0 = Debug|Any CPU
		{F13D7F4D-2423-4027-96D4-6A7F607300BE}.Release|Any CPU.ActiveCfg = Release|Any CPU
		{F13D7F4D-2423-4027-96D4-6A7F607300BE}.Release|Any CPU.Build.0 = Release|Any CPU
	EndGlobalSection
	GlobalSection(SolutionProperties) = preSolution
		HideSolutionNode = FALSE
	EndGlobalSection
	GlobalSection(ExtensibilityGlobals) = postSolution
		SolutionGuid = {B8E90E7F-2E97-4F89-A13B-C31C74EE4379}
	EndGlobalSection
EndGlobal
